// !$*UTF8*$!
{
	archiveVersion = 1;
	classes = {
	};
	objectVersion = 50;
	objects = {

/* Begin PBXBuildFile section */
		003BA7D820A191D200187AC5 /* AppDelegate.swift in Sources */ = {isa = PBXBuildFile; fileRef = 003BA7D720A191D200187AC5 /* AppDelegate.swift */; };
		003BA7DD20A191D200187AC5 /* Main.storyboard in Resources */ = {isa = PBXBuildFile; fileRef = 003BA7DB20A191D200187AC5 /* Main.storyboard */; };
		003BA7DF20A191D300187AC5 /* Assets.xcassets in Resources */ = {isa = PBXBuildFile; fileRef = 003BA7DE20A191D300187AC5 /* Assets.xcassets */; };
		003BA7E220A191D300187AC5 /* LaunchScreen.storyboard in Resources */ = {isa = PBXBuildFile; fileRef = 003BA7E020A191D300187AC5 /* LaunchScreen.storyboard */; };
		003BA7FE20A1986400187AC5 /* Constants.swift in Sources */ = {isa = PBXBuildFile; fileRef = 003BA7FD20A1986400187AC5 /* Constants.swift */; };
		003BA80220A1992100187AC5 /* FetchMovieList.swift in Sources */ = {isa = PBXBuildFile; fileRef = 003BA7FF20A1992000187AC5 /* FetchMovieList.swift */; };
		003BA80320A1992100187AC5 /* Networking.swift in Sources */ = {isa = PBXBuildFile; fileRef = 003BA80020A1992000187AC5 /* Networking.swift */; };
		003BA80420A1992100187AC5 /* Requestable.swift in Sources */ = {isa = PBXBuildFile; fileRef = 003BA80120A1992100187AC5 /* Requestable.swift */; };
		003BA80620A19B2A00187AC5 /* Error+Default.swift in Sources */ = {isa = PBXBuildFile; fileRef = 003BA80520A19B2A00187AC5 /* Error+Default.swift */; };
		0072095920AAD0370023C104 /* BaseObj.swift in Sources */ = {isa = PBXBuildFile; fileRef = 0072095820AAD0370023C104 /* BaseObj.swift */; };
		0084745020A3409000F88457 /* MainWorker.swift in Sources */ = {isa = PBXBuildFile; fileRef = 0084744F20A3408F00F88457 /* MainWorker.swift */; };
		0084745320A3409D00F88457 /* MovieState.swift in Sources */ = {isa = PBXBuildFile; fileRef = 0084745120A3409D00F88457 /* MovieState.swift */; };
		0084745420A3409D00F88457 /* MainAppState.swift in Sources */ = {isa = PBXBuildFile; fileRef = 0084745220A3409D00F88457 /* MainAppState.swift */; };
		0084745620A340AC00F88457 /* MainReducer.swift in Sources */ = {isa = PBXBuildFile; fileRef = 0084745520A340AC00F88457 /* MainReducer.swift */; };
		0084745820A340B700F88457 /* MovieObj.swift in Sources */ = {isa = PBXBuildFile; fileRef = 0084745720A340B700F88457 /* MovieObj.swift */; };
		0084745C20A34C7300F88457 /* Identifier.swift in Sources */ = {isa = PBXBuildFile; fileRef = 0084745920A34C7300F88457 /* Identifier.swift */; };
		0084745D20A34C7300F88457 /* UIView+Identifier.swift in Sources */ = {isa = PBXBuildFile; fileRef = 0084745A20A34C7300F88457 /* UIView+Identifier.swift */; };
		0084745E20A34C7300F88457 /* UIViewController+Identifier.swift in Sources */ = {isa = PBXBuildFile; fileRef = 0084745B20A34C7300F88457 /* UIViewController+Identifier.swift */; };
		0084746220A34D2C00F88457 /* BaseAbility.swift in Sources */ = {isa = PBXBuildFile; fileRef = 0084745F20A34D2C00F88457 /* BaseAbility.swift */; };
		0084746320A34D2C00F88457 /* BaseView.swift in Sources */ = {isa = PBXBuildFile; fileRef = 0084746020A34D2C00F88457 /* BaseView.swift */; };
		0084746420A34D2C00F88457 /* BaseViewController.swift in Sources */ = {isa = PBXBuildFile; fileRef = 0084746120A34D2C00F88457 /* BaseViewController.swift */; };
		0084746620A34D4D00F88457 /* UITableView+Register.swift in Sources */ = {isa = PBXBuildFile; fileRef = 0084746520A34D4D00F88457 /* UITableView+Register.swift */; };
		0084746F20A34D9800F88457 /* MovieInteractor.swift in Sources */ = {isa = PBXBuildFile; fileRef = 0084746720A34D9700F88457 /* MovieInteractor.swift */; };
		0084747020A34D9800F88457 /* MovieCell.swift in Sources */ = {isa = PBXBuildFile; fileRef = 0084746820A34D9700F88457 /* MovieCell.swift */; };
		0084747120A34D9800F88457 /* MovieDataSource.swift in Sources */ = {isa = PBXBuildFile; fileRef = 0084746920A34D9700F88457 /* MovieDataSource.swift */; };
		0084747220A34D9800F88457 /* MovieCell.xib in Resources */ = {isa = PBXBuildFile; fileRef = 0084746A20A34D9800F88457 /* MovieCell.xib */; };
		0084747320A34D9800F88457 /* MovieController.swift in Sources */ = {isa = PBXBuildFile; fileRef = 0084746B20A34D9800F88457 /* MovieController.swift */; };
		0084747420A34D9800F88457 /* MoviePresenter.swift in Sources */ = {isa = PBXBuildFile; fileRef = 0084746C20A34D9800F88457 /* MoviePresenter.swift */; };
		0084747520A34D9800F88457 /* FetchMovieWorker.swift in Sources */ = {isa = PBXBuildFile; fileRef = 0084746D20A34D9800F88457 /* FetchMovieWorker.swift */; };
		0084747620A34D9800F88457 /* MovieConfiguration.swift in Sources */ = {isa = PBXBuildFile; fileRef = 0084746E20A34D9800F88457 /* MovieConfiguration.swift */; };
		00C7D1F820A94BE800AB73D2 /* String+Extension.swift in Sources */ = {isa = PBXBuildFile; fileRef = 00C7D1F720A94BE800AB73D2 /* String+Extension.swift */; };
		00C7D1FA20A965EF00AB73D2 /* URL+Extension.swift in Sources */ = {isa = PBXBuildFile; fileRef = 00C7D1F920A965EF00AB73D2 /* URL+Extension.swift */; };
		00C7D1FC20A9752200AB73D2 /* DateFormatter+Extension.swift in Sources */ = {isa = PBXBuildFile; fileRef = 00C7D1FB20A9752200AB73D2 /* DateFormatter+Extension.swift */; };
		00C7D20520A9961B00AB73D2 /* UserDefault+Extension.swift in Sources */ = {isa = PBXBuildFile; fileRef = 00C7D20420A9961B00AB73D2 /* UserDefault+Extension.swift */; };
		00C7D20720A9E9FE00AB73D2 /* SuggestionDataSource.swift in Sources */ = {isa = PBXBuildFile; fileRef = 00C7D20620A9E9FE00AB73D2 /* SuggestionDataSource.swift */; };
		00C7D20A20A9EB2C00AB73D2 /* SuggestionCell.swift in Sources */ = {isa = PBXBuildFile; fileRef = 00C7D20820A9EB2C00AB73D2 /* SuggestionCell.swift */; };
		00C7D20B20A9EB2C00AB73D2 /* SuggestionCell.xib in Resources */ = {isa = PBXBuildFile; fileRef = 00C7D20920A9EB2C00AB73D2 /* SuggestionCell.xib */; };
		3531F25463F874F908384FCB /* Pods_careem_ass.framework in Frameworks */ = {isa = PBXBuildFile; fileRef = 19D1A2379E9DCAF327EEF2CD /* Pods_careem_ass.framework */; };
/* End PBXBuildFile section */

/* Begin PBXFileReference section */
		003BA7D420A191D200187AC5 /* careem-ass.app */ = {isa = PBXFileReference; explicitFileType = wrapper.application; includeInIndex = 0; path = "careem-ass.app"; sourceTree = BUILT_PRODUCTS_DIR; };
		003BA7D720A191D200187AC5 /* AppDelegate.swift */ = {isa = PBXFileReference; lastKnownFileType = sourcecode.swift; path = AppDelegate.swift; sourceTree = "<group>"; };
		003BA7DC20A191D200187AC5 /* Base */ = {isa = PBXFileReference; lastKnownFileType = file.storyboard; name = Base; path = Base.lproj/Main.storyboard; sourceTree = "<group>"; };
		003BA7DE20A191D300187AC5 /* Assets.xcassets */ = {isa = PBXFileReference; lastKnownFileType = folder.assetcatalog; path = Assets.xcassets; sourceTree = "<group>"; };
		003BA7E120A191D300187AC5 /* Base */ = {isa = PBXFileReference; lastKnownFileType = file.storyboard; name = Base; path = Base.lproj/LaunchScreen.storyboard; sourceTree = "<group>"; };
		003BA7E320A191D300187AC5 /* Info.plist */ = {isa = PBXFileReference; lastKnownFileType = text.plist.xml; path = Info.plist; sourceTree = "<group>"; };
		003BA7FD20A1986400187AC5 /* Constants.swift */ = {isa = PBXFileReference; lastKnownFileType = sourcecode.swift; path = Constants.swift; sourceTree = "<group>"; };
		003BA7FF20A1992000187AC5 /* FetchMovieList.swift */ = {isa = PBXFileReference; fileEncoding = 4; lastKnownFileType = sourcecode.swift; path = FetchMovieList.swift; sourceTree = "<group>"; };
		003BA80020A1992000187AC5 /* Networking.swift */ = {isa = PBXFileReference; fileEncoding = 4; lastKnownFileType = sourcecode.swift; path = Networking.swift; sourceTree = "<group>"; };
		003BA80120A1992100187AC5 /* Requestable.swift */ = {isa = PBXFileReference; fileEncoding = 4; lastKnownFileType = sourcecode.swift; path = Requestable.swift; sourceTree = "<group>"; };
		003BA80520A19B2A00187AC5 /* Error+Default.swift */ = {isa = PBXFileReference; fileEncoding = 4; lastKnownFileType = sourcecode.swift; path = "Error+Default.swift"; sourceTree = "<group>"; };
		0072095820AAD0370023C104 /* BaseObj.swift */ = {isa = PBXFileReference; lastKnownFileType = sourcecode.swift; path = BaseObj.swift; sourceTree = "<group>"; };
		0084744F20A3408F00F88457 /* MainWorker.swift */ = {isa = PBXFileReference; fileEncoding = 4; lastKnownFileType = sourcecode.swift; path = MainWorker.swift; sourceTree = "<group>"; };
		0084745120A3409D00F88457 /* MovieState.swift */ = {isa = PBXFileReference; fileEncoding = 4; lastKnownFileType = sourcecode.swift; path = MovieState.swift; sourceTree = "<group>"; };
		0084745220A3409D00F88457 /* MainAppState.swift */ = {isa = PBXFileReference; fileEncoding = 4; lastKnownFileType = sourcecode.swift; path = MainAppState.swift; sourceTree = "<group>"; };
		0084745520A340AC00F88457 /* MainReducer.swift */ = {isa = PBXFileReference; fileEncoding = 4; lastKnownFileType = sourcecode.swift; path = MainReducer.swift; sourceTree = "<group>"; };
		0084745720A340B700F88457 /* MovieObj.swift */ = {isa = PBXFileReference; fileEncoding = 4; lastKnownFileType = sourcecode.swift; path = MovieObj.swift; sourceTree = "<group>"; };
		0084745920A34C7300F88457 /* Identifier.swift */ = {isa = PBXFileReference; fileEncoding = 4; lastKnownFileType = sourcecode.swift; path = Identifier.swift; sourceTree = "<group>"; };
		0084745A20A34C7300F88457 /* UIView+Identifier.swift */ = {isa = PBXFileReference; fileEncoding = 4; lastKnownFileType = sourcecode.swift; path = "UIView+Identifier.swift"; sourceTree = "<group>"; };
		0084745B20A34C7300F88457 /* UIViewController+Identifier.swift */ = {isa = PBXFileReference; fileEncoding = 4; lastKnownFileType = sourcecode.swift; path = "UIViewController+Identifier.swift"; sourceTree = "<group>"; };
		0084745F20A34D2C00F88457 /* BaseAbility.swift */ = {isa = PBXFileReference; fileEncoding = 4; lastKnownFileType = sourcecode.swift; path = BaseAbility.swift; sourceTree = "<group>"; };
		0084746020A34D2C00F88457 /* BaseView.swift */ = {isa = PBXFileReference; fileEncoding = 4; lastKnownFileType = sourcecode.swift; path = BaseView.swift; sourceTree = "<group>"; };
		0084746120A34D2C00F88457 /* BaseViewController.swift */ = {isa = PBXFileReference; fileEncoding = 4; lastKnownFileType = sourcecode.swift; path = BaseViewController.swift; sourceTree = "<group>"; };
		0084746520A34D4D00F88457 /* UITableView+Register.swift */ = {isa = PBXFileReference; fileEncoding = 4; lastKnownFileType = sourcecode.swift; path = "UITableView+Register.swift"; sourceTree = "<group>"; };
		0084746720A34D9700F88457 /* MovieInteractor.swift */ = {isa = PBXFileReference; fileEncoding = 4; lastKnownFileType = sourcecode.swift; path = MovieInteractor.swift; sourceTree = "<group>"; };
		0084746820A34D9700F88457 /* MovieCell.swift */ = {isa = PBXFileReference; fileEncoding = 4; lastKnownFileType = sourcecode.swift; path = MovieCell.swift; sourceTree = "<group>"; };
		0084746920A34D9700F88457 /* MovieDataSource.swift */ = {isa = PBXFileReference; fileEncoding = 4; lastKnownFileType = sourcecode.swift; path = MovieDataSource.swift; sourceTree = "<group>"; };
		0084746A20A34D9800F88457 /* MovieCell.xib */ = {isa = PBXFileReference; fileEncoding = 4; lastKnownFileType = file.xib; path = MovieCell.xib; sourceTree = "<group>"; };
		0084746B20A34D9800F88457 /* MovieController.swift */ = {isa = PBXFileReference; fileEncoding = 4; lastKnownFileType = sourcecode.swift; path = MovieController.swift; sourceTree = "<group>"; };
		0084746C20A34D9800F88457 /* MoviePresenter.swift */ = {isa = PBXFileReference; fileEncoding = 4; lastKnownFileType = sourcecode.swift; path = MoviePresenter.swift; sourceTree = "<group>"; };
		0084746D20A34D9800F88457 /* FetchMovieWorker.swift */ = {isa = PBXFileReference; fileEncoding = 4; lastKnownFileType = sourcecode.swift; path = FetchMovieWorker.swift; sourceTree = "<group>"; };
		0084746E20A34D9800F88457 /* MovieConfiguration.swift */ = {isa = PBXFileReference; fileEncoding = 4; lastKnownFileType = sourcecode.swift; path = MovieConfiguration.swift; sourceTree = "<group>"; };
		00C7D1F720A94BE800AB73D2 /* String+Extension.swift */ = {isa = PBXFileReference; lastKnownFileType = sourcecode.swift; path = "String+Extension.swift"; sourceTree = "<group>"; };
		00C7D1F920A965EF00AB73D2 /* URL+Extension.swift */ = {isa = PBXFileReference; lastKnownFileType = sourcecode.swift; path = "URL+Extension.swift"; sourceTree = "<group>"; };
		00C7D1FB20A9752200AB73D2 /* DateFormatter+Extension.swift */ = {isa = PBXFileReference; lastKnownFileType = sourcecode.swift; path = "DateFormatter+Extension.swift"; sourceTree = "<group>"; };
		00C7D20420A9961B00AB73D2 /* UserDefault+Extension.swift */ = {isa = PBXFileReference; lastKnownFileType = sourcecode.swift; path = "UserDefault+Extension.swift"; sourceTree = "<group>"; };
		00C7D20620A9E9FE00AB73D2 /* SuggestionDataSource.swift */ = {isa = PBXFileReference; lastKnownFileType = sourcecode.swift; path = SuggestionDataSource.swift; sourceTree = "<group>"; };
		00C7D20820A9EB2C00AB73D2 /* SuggestionCell.swift */ = {isa = PBXFileReference; lastKnownFileType = sourcecode.swift; path = SuggestionCell.swift; sourceTree = "<group>"; };
		00C7D20920A9EB2C00AB73D2 /* SuggestionCell.xib */ = {isa = PBXFileReference; lastKnownFileType = file.xib; path = SuggestionCell.xib; sourceTree = "<group>"; };
		19D1A2379E9DCAF327EEF2CD /* Pods_careem_ass.framework */ = {isa = PBXFileReference; explicitFileType = wrapper.framework; includeInIndex = 0; path = Pods_careem_ass.framework; sourceTree = BUILT_PRODUCTS_DIR; };
		7251FB069387387DDC88C156 /* Pods-careem-ass.release.xcconfig */ = {isa = PBXFileReference; includeInIndex = 1; lastKnownFileType = text.xcconfig; name = "Pods-careem-ass.release.xcconfig"; path = "Pods/Target Support Files/Pods-careem-ass/Pods-careem-ass.release.xcconfig"; sourceTree = "<group>"; };
		8EE9307D6AEF78FF309351FD /* Pods-careem-ass.debug.xcconfig */ = {isa = PBXFileReference; includeInIndex = 1; lastKnownFileType = text.xcconfig; name = "Pods-careem-ass.debug.xcconfig"; path = "Pods/Target Support Files/Pods-careem-ass/Pods-careem-ass.debug.xcconfig"; sourceTree = "<group>"; };
/* End PBXFileReference section */

/* Begin PBXFrameworksBuildPhase section */
		003BA7D120A191D200187AC5 /* Frameworks */ = {
			isa = PBXFrameworksBuildPhase;
			buildActionMask = 2147483647;
			files = (
				3531F25463F874F908384FCB /* Pods_careem_ass.framework in Frameworks */,
			);
			runOnlyForDeploymentPostprocessing = 0;
		};
/* End PBXFrameworksBuildPhase section */

/* Begin PBXGroup section */
		003BA7CB20A191D200187AC5 = {
			isa = PBXGroup;
			children = (
				003BA7D620A191D200187AC5 /* careem-ass */,
				003BA7D520A191D200187AC5 /* Products */,
				6B1EBD7E2A813BC9ACB2BB08 /* Pods */,
				777A611F3C07F94C0EECBEB4 /* Frameworks */,
			);
			sourceTree = "<group>";
		};
		003BA7D520A191D200187AC5 /* Products */ = {
			isa = PBXGroup;
			children = (
				003BA7D420A191D200187AC5 /* careem-ass.app */,
			);
			name = Products;
			sourceTree = "<group>";
		};
		003BA7D620A191D200187AC5 /* careem-ass */ = {
			isa = PBXGroup;
			children = (
				003BA7ED20A1970200187AC5 /* Source Code */,
				003BA7EC20A196FC00187AC5 /* Shared */,
				003BA7EB20A196F200187AC5 /* Configuration */,
				003BA7EA20A196E600187AC5 /* Resources */,
				003BA7E920A196D600187AC5 /* AppDelegate */,
			);
			path = "careem-ass";
			sourceTree = "<group>";
		};
		003BA7E920A196D600187AC5 /* AppDelegate */ = {
			isa = PBXGroup;
			children = (
				003BA7D720A191D200187AC5 /* AppDelegate.swift */,
			);
			name = AppDelegate;
			sourceTree = "<group>";
		};
		003BA7EA20A196E600187AC5 /* Resources */ = {
			isa = PBXGroup;
			children = (
				003BA7F020A1972E00187AC5 /* Storyboard */,
				003BA7EF20A1972600187AC5 /* Assets */,
			);
			name = Resources;
			sourceTree = "<group>";
		};
		003BA7EB20A196F200187AC5 /* Configuration */ = {
			isa = PBXGroup;
			children = (
				003BA7E320A191D300187AC5 /* Info.plist */,
				003BA7FD20A1986400187AC5 /* Constants.swift */,
			);
			name = Configuration;
			sourceTree = "<group>";
		};
		003BA7EC20A196FC00187AC5 /* Shared */ = {
			isa = PBXGroup;
			children = (
				00C7D1F620A94BD700AB73D2 /* Extensions */,
				003BA7F520A1976900187AC5 /* Error */,
				003BA7F420A1976000187AC5 /* Identifier */,
				003BA7F320A1975D00187AC5 /* App */,
				003BA7F220A1975600187AC5 /* Register */,
				003BA7F120A1974F00187AC5 /* Base */,
			);
			name = Shared;
			sourceTree = "<group>";
		};
		003BA7ED20A1970200187AC5 /* Source Code */ = {
			isa = PBXGroup;
			children = (
				003BA7F620A1981300187AC5 /* Movie */,
				003BA7EE20A1970C00187AC5 /* Networking */,
			);
			name = "Source Code";
			sourceTree = "<group>";
		};
		003BA7EE20A1970C00187AC5 /* Networking */ = {
			isa = PBXGroup;
			children = (
				003BA7FF20A1992000187AC5 /* FetchMovieList.swift */,
				003BA80020A1992000187AC5 /* Networking.swift */,
				003BA80120A1992100187AC5 /* Requestable.swift */,
			);
			name = Networking;
			sourceTree = "<group>";
		};
		003BA7EF20A1972600187AC5 /* Assets */ = {
			isa = PBXGroup;
			children = (
				003BA7DE20A191D300187AC5 /* Assets.xcassets */,
			);
			name = Assets;
			sourceTree = "<group>";
		};
		003BA7F020A1972E00187AC5 /* Storyboard */ = {
			isa = PBXGroup;
			children = (
				003BA7DB20A191D200187AC5 /* Main.storyboard */,
				003BA7E020A191D300187AC5 /* LaunchScreen.storyboard */,
			);
			name = Storyboard;
			sourceTree = "<group>";
		};
		003BA7F120A1974F00187AC5 /* Base */ = {
			isa = PBXGroup;
			children = (
				0084745F20A34D2C00F88457 /* BaseAbility.swift */,
				0084746020A34D2C00F88457 /* BaseView.swift */,
				0084746120A34D2C00F88457 /* BaseViewController.swift */,
			);
			name = Base;
			sourceTree = "<group>";
		};
		003BA7F220A1975600187AC5 /* Register */ = {
			isa = PBXGroup;
			children = (
				0084746520A34D4D00F88457 /* UITableView+Register.swift */,
			);
			name = Register;
			sourceTree = "<group>";
		};
		003BA7F320A1975D00187AC5 /* App */ = {
			isa = PBXGroup;
			children = (
				0084744C20A3405600F88457 /* ObjectModel */,
				0084744B20A3405000F88457 /* Store */,
				0084744A20A3404900F88457 /* Worker */,
			);
			name = App;
			sourceTree = "<group>";
		};
		003BA7F420A1976000187AC5 /* Identifier */ = {
			isa = PBXGroup;
			children = (
				0084745920A34C7300F88457 /* Identifier.swift */,
				0084745A20A34C7300F88457 /* UIView+Identifier.swift */,
				0084745B20A34C7300F88457 /* UIViewController+Identifier.swift */,
			);
			name = Identifier;
			sourceTree = "<group>";
		};
		003BA7F520A1976900187AC5 /* Error */ = {
			isa = PBXGroup;
			children = (
				003BA80520A19B2A00187AC5 /* Error+Default.swift */,
			);
			name = Error;
			sourceTree = "<group>";
		};
		003BA7F620A1981300187AC5 /* Movie */ = {
			isa = PBXGroup;
			children = (
				0084747A20A34E0300F88457 /* Datasource */,
				0084747820A34DE800F88457 /* View */,
				0084747920A34DEF00F88457 /* Controller */,
				0084747720A34DDA00F88457 /* Worker */,
			);
			name = Movie;
			sourceTree = "<group>";
		};
		0084744A20A3404900F88457 /* Worker */ = {
			isa = PBXGroup;
			children = (
				0084744F20A3408F00F88457 /* MainWorker.swift */,
			);
			name = Worker;
			sourceTree = "<group>";
		};
		0084744B20A3405000F88457 /* Store */ = {
			isa = PBXGroup;
			children = (
				0084744E20A3406A00F88457 /* Reducer */,
				0084744D20A3406500F88457 /* State */,
			);
			name = Store;
			sourceTree = "<group>";
		};
		0084744C20A3405600F88457 /* ObjectModel */ = {
			isa = PBXGroup;
			children = (
				0072095820AAD0370023C104 /* BaseObj.swift */,
				0084745720A340B700F88457 /* MovieObj.swift */,
			);
			name = ObjectModel;
			sourceTree = "<group>";
		};
		0084744D20A3406500F88457 /* State */ = {
			isa = PBXGroup;
			children = (
				0084745220A3409D00F88457 /* MainAppState.swift */,
				0084745120A3409D00F88457 /* MovieState.swift */,
			);
			name = State;
			sourceTree = "<group>";
		};
		0084744E20A3406A00F88457 /* Reducer */ = {
			isa = PBXGroup;
			children = (
				0084745520A340AC00F88457 /* MainReducer.swift */,
			);
			name = Reducer;
			sourceTree = "<group>";
		};
		0084747720A34DDA00F88457 /* Worker */ = {
			isa = PBXGroup;
			children = (
				0084746D20A34D9800F88457 /* FetchMovieWorker.swift */,
			);
			name = Worker;
			sourceTree = "<group>";
		};
		0084747820A34DE800F88457 /* View */ = {
			isa = PBXGroup;
			children = (
				0084746820A34D9700F88457 /* MovieCell.swift */,
				0084746A20A34D9800F88457 /* MovieCell.xib */,
				00C7D20820A9EB2C00AB73D2 /* SuggestionCell.swift */,
				00C7D20920A9EB2C00AB73D2 /* SuggestionCell.xib */,
			);
			name = View;
			sourceTree = "<group>";
		};
		0084747920A34DEF00F88457 /* Controller */ = {
			isa = PBXGroup;
			children = (
				0084746E20A34D9800F88457 /* MovieConfiguration.swift */,
				0084746B20A34D9800F88457 /* MovieController.swift */,
				0084746720A34D9700F88457 /* MovieInteractor.swift */,
				0084746C20A34D9800F88457 /* MoviePresenter.swift */,
			);
			name = Controller;
			sourceTree = "<group>";
		};
		0084747A20A34E0300F88457 /* Datasource */ = {
			isa = PBXGroup;
			children = (
				0084746920A34D9700F88457 /* MovieDataSource.swift */,
				00C7D20620A9E9FE00AB73D2 /* SuggestionDataSource.swift */,
			);
			name = Datasource;
			sourceTree = "<group>";
		};
		00C7D1F620A94BD700AB73D2 /* Extensions */ = {
			isa = PBXGroup;
			children = (
				00C7D1F720A94BE800AB73D2 /* String+Extension.swift */,
				00C7D1F920A965EF00AB73D2 /* URL+Extension.swift */,
				00C7D1FB20A9752200AB73D2 /* DateFormatter+Extension.swift */,
				00C7D20420A9961B00AB73D2 /* UserDefault+Extension.swift */,
			);
			name = Extensions;
			sourceTree = "<group>";
		};
		6B1EBD7E2A813BC9ACB2BB08 /* Pods */ = {
			isa = PBXGroup;
			children = (
				8EE9307D6AEF78FF309351FD /* Pods-careem-ass.debug.xcconfig */,
				7251FB069387387DDC88C156 /* Pods-careem-ass.release.xcconfig */,
			);
			name = Pods;
			sourceTree = "<group>";
		};
		777A611F3C07F94C0EECBEB4 /* Frameworks */ = {
			isa = PBXGroup;
			children = (
				19D1A2379E9DCAF327EEF2CD /* Pods_careem_ass.framework */,
			);
			name = Frameworks;
			sourceTree = "<group>";
		};
/* End PBXGroup section */

/* Begin PBXNativeTarget section */
		003BA7D320A191D200187AC5 /* careem-ass */ = {
			isa = PBXNativeTarget;
			buildConfigurationList = 003BA7E620A191D300187AC5 /* Build configuration list for PBXNativeTarget "careem-ass" */;
			buildPhases = (
				33F79CF11233651B62793207 /* [CP] Check Pods Manifest.lock */,
				003BA7D020A191D200187AC5 /* Sources */,
				003BA7D120A191D200187AC5 /* Frameworks */,
				003BA7D220A191D200187AC5 /* Resources */,
				6045C077413912F4271D3B58 /* [CP] Embed Pods Frameworks */,
				6C42D1D0A9927CA3BF0247B1 /* [CP] Copy Pods Resources */,
			);
			buildRules = (
			);
			dependencies = (
			);
			name = "careem-ass";
			productName = "careem-ass";
			productReference = 003BA7D420A191D200187AC5 /* careem-ass.app */;
			productType = "com.apple.product-type.application";
		};
/* End PBXNativeTarget section */

/* Begin PBXProject section */
		003BA7CC20A191D200187AC5 /* Project object */ = {
			isa = PBXProject;
			attributes = {
				LastSwiftUpdateCheck = 0930;
				LastUpgradeCheck = 0930;
				ORGANIZATIONNAME = "Huy Nguyễn";
				TargetAttributes = {
					003BA7D320A191D200187AC5 = {
						CreatedOnToolsVersion = 9.3;
					};
				};
			};
			buildConfigurationList = 003BA7CF20A191D200187AC5 /* Build configuration list for PBXProject "careem-ass" */;
			compatibilityVersion = "Xcode 9.3";
			developmentRegion = en;
			hasScannedForEncodings = 0;
			knownRegions = (
				en,
				Base,
			);
			mainGroup = 003BA7CB20A191D200187AC5;
			productRefGroup = 003BA7D520A191D200187AC5 /* Products */;
			projectDirPath = "";
			projectRoot = "";
			targets = (
				003BA7D320A191D200187AC5 /* careem-ass */,
			);
		};
/* End PBXProject section */

/* Begin PBXResourcesBuildPhase section */
		003BA7D220A191D200187AC5 /* Resources */ = {
			isa = PBXResourcesBuildPhase;
			buildActionMask = 2147483647;
			files = (
				003BA7E220A191D300187AC5 /* LaunchScreen.storyboard in Resources */,
				003BA7DF20A191D300187AC5 /* Assets.xcassets in Resources */,
				00C7D20B20A9EB2C00AB73D2 /* SuggestionCell.xib in Resources */,
				003BA7DD20A191D200187AC5 /* Main.storyboard in Resources */,
				0084747220A34D9800F88457 /* MovieCell.xib in Resources */,
			);
			runOnlyForDeploymentPostprocessing = 0;
		};
/* End PBXResourcesBuildPhase section */

/* Begin PBXShellScriptBuildPhase section */
		33F79CF11233651B62793207 /* [CP] Check Pods Manifest.lock */ = {
			isa = PBXShellScriptBuildPhase;
			buildActionMask = 2147483647;
			files = (
			);
			inputPaths = (
				"${PODS_PODFILE_DIR_PATH}/Podfile.lock",
				"${PODS_ROOT}/Manifest.lock",
			);
			name = "[CP] Check Pods Manifest.lock";
			outputPaths = (
				"$(DERIVED_FILE_DIR)/Pods-careem-ass-checkManifestLockResult.txt",
			);
			runOnlyForDeploymentPostprocessing = 0;
			shellPath = /bin/sh;
			shellScript = "diff \"${PODS_PODFILE_DIR_PATH}/Podfile.lock\" \"${PODS_ROOT}/Manifest.lock\" > /dev/null\nif [ $? != 0 ] ; then\n    # print error to STDERR\n    echo \"error: The sandbox is not in sync with the Podfile.lock. Run 'pod install' or update your CocoaPods installation.\" >&2\n    exit 1\nfi\n# This output is used by Xcode 'outputs' to avoid re-running this script phase.\necho \"SUCCESS\" > \"${SCRIPT_OUTPUT_FILE_0}\"\n";
			showEnvVarsInLog = 0;
		};
		6045C077413912F4271D3B58 /* [CP] Embed Pods Frameworks */ = {
			isa = PBXShellScriptBuildPhase;
			buildActionMask = 2147483647;
			files = (
			);
			inputPaths = (
				"${SRCROOT}/Pods/Target Support Files/Pods-careem-ass/Pods-careem-ass-frameworks.sh",
				"${BUILT_PRODUCTS_DIR}/Alamofire/Alamofire.framework",
				"${BUILT_PRODUCTS_DIR}/ObjectMapper/ObjectMapper.framework",
				"${BUILT_PRODUCTS_DIR}/PromiseKit/PromiseKit.framework",
				"${BUILT_PRODUCTS_DIR}/ReSwift/ReSwift.framework",
				"${BUILT_PRODUCTS_DIR}/RxCocoa/RxCocoa.framework",
				"${BUILT_PRODUCTS_DIR}/RxSwift/RxSwift.framework",
				"${BUILT_PRODUCTS_DIR}/SDWebImage/SDWebImage.framework",
				"${BUILT_PRODUCTS_DIR}/SearchTextField/SearchTextField.framework",
			);
			name = "[CP] Embed Pods Frameworks";
			outputPaths = (
				"${TARGET_BUILD_DIR}/${FRAMEWORKS_FOLDER_PATH}/Alamofire.framework",
				"${TARGET_BUILD_DIR}/${FRAMEWORKS_FOLDER_PATH}/ObjectMapper.framework",
				"${TARGET_BUILD_DIR}/${FRAMEWORKS_FOLDER_PATH}/PromiseKit.framework",
				"${TARGET_BUILD_DIR}/${FRAMEWORKS_FOLDER_PATH}/ReSwift.framework",
				"${TARGET_BUILD_DIR}/${FRAMEWORKS_FOLDER_PATH}/RxCocoa.framework",
				"${TARGET_BUILD_DIR}/${FRAMEWORKS_FOLDER_PATH}/RxSwift.framework",
				"${TARGET_BUILD_DIR}/${FRAMEWORKS_FOLDER_PATH}/SDWebImage.framework",
				"${TARGET_BUILD_DIR}/${FRAMEWORKS_FOLDER_PATH}/SearchTextField.framework",
			);
			runOnlyForDeploymentPostprocessing = 0;
			shellPath = /bin/sh;
			shellScript = "\"${SRCROOT}/Pods/Target Support Files/Pods-careem-ass/Pods-careem-ass-frameworks.sh\"\n";
			showEnvVarsInLog = 0;
		};
		6C42D1D0A9927CA3BF0247B1 /* [CP] Copy Pods Resources */ = {
			isa = PBXShellScriptBuildPhase;
			buildActionMask = 2147483647;
			files = (
			);
			inputPaths = (
			);
			name = "[CP] Copy Pods Resources";
			outputPaths = (
			);
			runOnlyForDeploymentPostprocessing = 0;
			shellPath = /bin/sh;
			shellScript = "\"${SRCROOT}/Pods/Target Support Files/Pods-careem-ass/Pods-careem-ass-resources.sh\"\n";
			showEnvVarsInLog = 0;
		};
/* End PBXShellScriptBuildPhase section */

/* Begin PBXSourcesBuildPhase section */
		003BA7D020A191D200187AC5 /* Sources */ = {
			isa = PBXSourcesBuildPhase;
			buildActionMask = 2147483647;
			files = (
				0084745420A3409D00F88457 /* MainAppState.swift in Sources */,
				0084745620A340AC00F88457 /* MainReducer.swift in Sources */,
				00C7D20720A9E9FE00AB73D2 /* SuggestionDataSource.swift in Sources */,
				0084746320A34D2C00F88457 /* BaseView.swift in Sources */,
				0084747420A34D9800F88457 /* MoviePresenter.swift in Sources */,
				00C7D20A20A9EB2C00AB73D2 /* SuggestionCell.swift in Sources */,
				00C7D20520A9961B00AB73D2 /* UserDefault+Extension.swift in Sources */,
				0084746F20A34D9800F88457 /* MovieInteractor.swift in Sources */,
				00C7D1FA20A965EF00AB73D2 /* URL+Extension.swift in Sources */,
				0084745C20A34C7300F88457 /* Identifier.swift in Sources */,
				0084746420A34D2C00F88457 /* BaseViewController.swift in Sources */,
				0084745320A3409D00F88457 /* MovieState.swift in Sources */,
				0084746220A34D2C00F88457 /* BaseAbility.swift in Sources */,
				00C7D1FC20A9752200AB73D2 /* DateFormatter+Extension.swift in Sources */,
				003BA80320A1992100187AC5 /* Networking.swift in Sources */,
				0084745020A3409000F88457 /* MainWorker.swift in Sources */,
				003BA7D820A191D200187AC5 /* AppDelegate.swift in Sources */,
				003BA80420A1992100187AC5 /* Requestable.swift in Sources */,
				0084745D20A34C7300F88457 /* UIView+Identifier.swift in Sources */,
				00C7D1F820A94BE800AB73D2 /* String+Extension.swift in Sources */,
				0084747020A34D9800F88457 /* MovieCell.swift in Sources */,
				0084747620A34D9800F88457 /* MovieConfiguration.swift in Sources */,
				0084747520A34D9800F88457 /* FetchMovieWorker.swift in Sources */,
				0084747320A34D9800F88457 /* MovieController.swift in Sources */,
				0084745E20A34C7300F88457 /* UIViewController+Identifier.swift in Sources */,
				0084747120A34D9800F88457 /* MovieDataSource.swift in Sources */,
				0084746620A34D4D00F88457 /* UITableView+Register.swift in Sources */,
				003BA80220A1992100187AC5 /* FetchMovieList.swift in Sources */,
				0084745820A340B700F88457 /* MovieObj.swift in Sources */,
				003BA7FE20A1986400187AC5 /* Constants.swift in Sources */,
				0072095920AAD0370023C104 /* BaseObj.swift in Sources */,
				003BA80620A19B2A00187AC5 /* Error+Default.swift in Sources */,
			);
			runOnlyForDeploymentPostprocessing = 0;
		};
/* End PBXSourcesBuildPhase section */

/* Begin PBXVariantGroup section */
		003BA7DB20A191D200187AC5 /* Main.storyboard */ = {
			isa = PBXVariantGroup;
			children = (
				003BA7DC20A191D200187AC5 /* Base */,
			);
			name = Main.storyboard;
			sourceTree = "<group>";
		};
		003BA7E020A191D300187AC5 /* LaunchScreen.storyboard */ = {
			isa = PBXVariantGroup;
			children = (
				003BA7E120A191D300187AC5 /* Base */,
			);
			name = LaunchScreen.storyboard;
			sourceTree = "<group>";
		};
/* End PBXVariantGroup section */

/* Begin XCBuildConfiguration section */
		003BA7E420A191D300187AC5 /* Debug */ = {
			isa = XCBuildConfiguration;
			buildSettings = {
				ALWAYS_SEARCH_USER_PATHS = NO;
				CLANG_ANALYZER_NONNULL = YES;
				CLANG_ANALYZER_NUMBER_OBJECT_CONVERSION = YES_AGGRESSIVE;
				CLANG_CXX_LANGUAGE_STANDARD = "gnu++14";
				CLANG_CXX_LIBRARY = "libc++";
				CLANG_ENABLE_MODULES = YES;
				CLANG_ENABLE_OBJC_ARC = YES;
				CLANG_ENABLE_OBJC_WEAK = YES;
				CLANG_WARN_BLOCK_CAPTURE_AUTORELEASING = YES;
				CLANG_WARN_BOOL_CONVERSION = YES;
				CLANG_WARN_COMMA = YES;
				CLANG_WARN_CONSTANT_CONVERSION = YES;
				CLANG_WARN_DEPRECATED_OBJC_IMPLEMENTATIONS = YES;
				CLANG_WARN_DIRECT_OBJC_ISA_USAGE = YES_ERROR;
				CLANG_WARN_DOCUMENTATION_COMMENTS = YES;
				CLANG_WARN_EMPTY_BODY = YES;
				CLANG_WARN_ENUM_CONVERSION = YES;
				CLANG_WARN_INFINITE_RECURSION = YES;
				CLANG_WARN_INT_CONVERSION = YES;
				CLANG_WARN_NON_LITERAL_NULL_CONVERSION = YES;
				CLANG_WARN_OBJC_IMPLICIT_RETAIN_SELF = YES;
				CLANG_WARN_OBJC_LITERAL_CONVERSION = YES;
				CLANG_WARN_OBJC_ROOT_CLASS = YES_ERROR;
				CLANG_WARN_RANGE_LOOP_ANALYSIS = YES;
				CLANG_WARN_STRICT_PROTOTYPES = YES;
				CLANG_WARN_SUSPICIOUS_MOVE = YES;
				CLANG_WARN_UNGUARDED_AVAILABILITY = YES_AGGRESSIVE;
				CLANG_WARN_UNREACHABLE_CODE = YES;
				CLANG_WARN__DUPLICATE_METHOD_MATCH = YES;
				CODE_SIGN_IDENTITY = "iPhone Developer";
				COPY_PHASE_STRIP = NO;
				DEBUG_INFORMATION_FORMAT = dwarf;
				ENABLE_STRICT_OBJC_MSGSEND = YES;
				ENABLE_TESTABILITY = YES;
				GCC_C_LANGUAGE_STANDARD = gnu11;
				GCC_DYNAMIC_NO_PIC = NO;
				GCC_NO_COMMON_BLOCKS = YES;
				GCC_OPTIMIZATION_LEVEL = 0;
				GCC_PREPROCESSOR_DEFINITIONS = (
					"DEBUG=1",
					"$(inherited)",
				);
				GCC_WARN_64_TO_32_BIT_CONVERSION = YES;
				GCC_WARN_ABOUT_RETURN_TYPE = YES_ERROR;
				GCC_WARN_UNDECLARED_SELECTOR = YES;
				GCC_WARN_UNINITIALIZED_AUTOS = YES_AGGRESSIVE;
				GCC_WARN_UNUSED_FUNCTION = YES;
				GCC_WARN_UNUSED_VARIABLE = YES;
				IPHONEOS_DEPLOYMENT_TARGET = 11.3;
				MTL_ENABLE_DEBUG_INFO = YES;
				ONLY_ACTIVE_ARCH = YES;
				SDKROOT = iphoneos;
				SWIFT_ACTIVE_COMPILATION_CONDITIONS = DEBUG;
				SWIFT_OPTIMIZATION_LEVEL = "-Onone";
			};
			name = Debug;
		};
		003BA7E520A191D300187AC5 /* Release */ = {
			isa = XCBuildConfiguration;
			buildSettings = {
				ALWAYS_SEARCH_USER_PATHS = NO;
				CLANG_ANALYZER_NONNULL = YES;
				CLANG_ANALYZER_NUMBER_OBJECT_CONVERSION = YES_AGGRESSIVE;
				CLANG_CXX_LANGUAGE_STANDARD = "gnu++14";
				CLANG_CXX_LIBRARY = "libc++";
				CLANG_ENABLE_MODULES = YES;
				CLANG_ENABLE_OBJC_ARC = YES;
				CLANG_ENABLE_OBJC_WEAK = YES;
				CLANG_WARN_BLOCK_CAPTURE_AUTORELEASING = YES;
				CLANG_WARN_BOOL_CONVERSION = YES;
				CLANG_WARN_COMMA = YES;
				CLANG_WARN_CONSTANT_CONVERSION = YES;
				CLANG_WARN_DEPRECATED_OBJC_IMPLEMENTATIONS = YES;
				CLANG_WARN_DIRECT_OBJC_ISA_USAGE = YES_ERROR;
				CLANG_WARN_DOCUMENTATION_COMMENTS = YES;
				CLANG_WARN_EMPTY_BODY = YES;
				CLANG_WARN_ENUM_CONVERSION = YES;
				CLANG_WARN_INFINITE_RECURSION = YES;
				CLANG_WARN_INT_CONVERSION = YES;
				CLANG_WARN_NON_LITERAL_NULL_CONVERSION = YES;
				CLANG_WARN_OBJC_IMPLICIT_RETAIN_SELF = YES;
				CLANG_WARN_OBJC_LITERAL_CONVERSION = YES;
				CLANG_WARN_OBJC_ROOT_CLASS = YES_ERROR;
				CLANG_WARN_RANGE_LOOP_ANALYSIS = YES;
				CLANG_WARN_STRICT_PROTOTYPES = YES;
				CLANG_WARN_SUSPICIOUS_MOVE = YES;
				CLANG_WARN_UNGUARDED_AVAILABILITY = YES_AGGRESSIVE;
				CLANG_WARN_UNREACHABLE_CODE = YES;
				CLANG_WARN__DUPLICATE_METHOD_MATCH = YES;
				CODE_SIGN_IDENTITY = "iPhone Developer";
				COPY_PHASE_STRIP = NO;
				DEBUG_INFORMATION_FORMAT = "dwarf-with-dsym";
				ENABLE_NS_ASSERTIONS = NO;
				ENABLE_STRICT_OBJC_MSGSEND = YES;
				GCC_C_LANGUAGE_STANDARD = gnu11;
				GCC_NO_COMMON_BLOCKS = YES;
				GCC_WARN_64_TO_32_BIT_CONVERSION = YES;
				GCC_WARN_ABOUT_RETURN_TYPE = YES_ERROR;
				GCC_WARN_UNDECLARED_SELECTOR = YES;
				GCC_WARN_UNINITIALIZED_AUTOS = YES_AGGRESSIVE;
				GCC_WARN_UNUSED_FUNCTION = YES;
				GCC_WARN_UNUSED_VARIABLE = YES;
				IPHONEOS_DEPLOYMENT_TARGET = 11.3;
				MTL_ENABLE_DEBUG_INFO = NO;
				SDKROOT = iphoneos;
				SWIFT_COMPILATION_MODE = wholemodule;
				SWIFT_OPTIMIZATION_LEVEL = "-O";
				VALIDATE_PRODUCT = YES;
			};
			name = Release;
		};
		003BA7E720A191D300187AC5 /* Debug */ = {
			isa = XCBuildConfiguration;
			baseConfigurationReference = 8EE9307D6AEF78FF309351FD /* Pods-careem-ass.debug.xcconfig */;
			buildSettings = {
				ASSETCATALOG_COMPILER_APPICON_NAME = AppIcon;
				CODE_SIGN_STYLE = Automatic;
				DEVELOPMENT_TEAM = L76363ZU66;
				INFOPLIST_FILE = "careem-ass/Info.plist";
				LD_RUNPATH_SEARCH_PATHS = (
					"$(inherited)",
					"@executable_path/Frameworks",
				);
				PRODUCT_BUNDLE_IDENTIFIER = "com.br.careem-ass";
				PRODUCT_NAME = "$(TARGET_NAME)";
				SWIFT_VERSION = 4.0;
				TARGETED_DEVICE_FAMILY = "1,2";
			};
			name = Debug;
		};
		003BA7E820A191D300187AC5 /* Release */ = {
			isa = XCBuildConfiguration;
			baseConfigurationReference = 7251FB069387387DDC88C156 /* Pods-careem-ass.release.xcconfig */;
			buildSettings = {
				ASSETCATALOG_COMPILER_APPICON_NAME = AppIcon;
				CODE_SIGN_STYLE = Automatic;
				DEVELOPMENT_TEAM = L76363ZU66;
				INFOPLIST_FILE = "careem-ass/Info.plist";
				LD_RUNPATH_SEARCH_PATHS = (
					"$(inherited)",
					"@executable_path/Frameworks",
				);
				PRODUCT_BUNDLE_IDENTIFIER = "com.br.careem-ass";
				PRODUCT_NAME = "$(TARGET_NAME)";
				SWIFT_VERSION = 4.0;
				TARGETED_DEVICE_FAMILY = "1,2";
			};
			name = Release;
		};
/* End XCBuildConfiguration section */

/* Begin XCConfigurationList section */
		003BA7CF20A191D200187AC5 /* Build configuration list for PBXProject "careem-ass" */ = {
			isa = XCConfigurationList;
			buildConfigurations = (
				003BA7E420A191D300187AC5 /* Debug */,
				003BA7E520A191D300187AC5 /* Release */,
			);
			defaultConfigurationIsVisible = 0;
			defaultConfigurationName = Release;
		};
		003BA7E620A191D300187AC5 /* Build configuration list for PBXNativeTarget "careem-ass" */ = {
			isa = XCConfigurationList;
			buildConfigurations = (
				003BA7E720A191D300187AC5 /* Debug */,
				003BA7E820A191D300187AC5 /* Release */,
			);
			defaultConfigurationIsVisible = 0;
			defaultConfigurationName = Release;
		};
/* End XCConfigurationList section */
	};
	rootObject = 003BA7CC20A191D200187AC5 /* Project object */;
}
